{
  "nodes": {
    "blank": {
      "locked": {
        "lastModified": 1625557891,
        "narHash": "sha256-O8/MWsPBGhhyPoPLHZAuoZiiHo9q6FLlEeIDEXuj6T4=",
        "owner": "divnix",
        "repo": "blank",
        "rev": "5a5d2684073d9f563072ed07c871d577a6c614a8",
        "type": "github"
      },
      "original": {
        "owner": "divnix",
        "repo": "blank",
        "type": "github"
      }
    },
    "call-flake": {
      "locked": {
        "lastModified": 1687380775,
        "narHash": "sha256-bmhE1TmrJG4ba93l9WQTLuYM53kwGQAjYHRvHOeuxWU=",
        "owner": "divnix",
        "repo": "call-flake",
        "rev": "74061f6c241227cd05e79b702db9a300a2e4131a",
        "type": "github"
      },
      "original": {
        "owner": "divnix",
        "repo": "call-flake",
        "type": "github"
      }
    },
    "dmerge": {
      "inputs": {
        "haumea": [
          "std",
          "haumea"
        ],
        "nixlib": [
          "std",
          "lib"
        ],
        "yants": [
          "std",
          "yants"
        ]
      },
      "locked": {
        "lastModified": 1686862774,
        "narHash": "sha256-ojGtRQ9pIOUrxsQEuEPerUkqIJEuod9hIflfNkY+9CE=",
        "owner": "divnix",
        "repo": "dmerge",
        "rev": "9f7f7a8349d33d7bd02e0f2b484b1f076e503a96",
        "type": "github"
      },
      "original": {
        "owner": "divnix",
        "ref": "0.2.1",
        "repo": "dmerge",
        "type": "github"
      }
    },
    "eldev": {
      "flake": false,
      "locked": {
        "lastModified": 1741986334,
        "narHash": "sha256-C95D/d8z4ClfEtlp8Hi4uX67FfPsyWKa0A4wur7vyGk=",
        "owner": "emacs-eldev",
        "repo": "eldev",
        "rev": "ff1e8269fca7e2ee2e50774ade3ce88b79e78cfc",
        "type": "github"
      },
      "original": {
        "owner": "emacs-eldev",
        "ref": "1.11.1",
        "repo": "eldev",
        "type": "github"
      }
    },
    "emacs-overlay": {
      "inputs": {
        "nixpkgs": [
          "nixpkgs"
        ],
        "nixpkgs-stable": "nixpkgs-stable"
      },
      "locked": {
        "lastModified": 1748248657,
        "narHash": "sha256-zqhc7qyoRmgZpkvjocYEui9xYlzL90nqPf40zADGruM=",
        "owner": "nix-community",
        "repo": "emacs-overlay",
        "rev": "e048433838750a5fd9036e56dd8f59affa6d676b",
        "type": "github"
      },
      "original": {
        "owner": "nix-community",
        "repo": "emacs-overlay",
        "type": "github"
      }
    },
    "emacsSrc": {
      "flake": false,
      "locked": {
        "lastModified": 1596571524,
        "narHash": "sha256-eo5aY+KYGJdgZbSTrINBx8QtELs5htWqH6o7k5yeoMQ=",
        "owner": "emacs-mirror",
        "repo": "emacs",
        "rev": "86d8d76aa36037184db0b2897c434cdaab1a9ae8",
        "type": "github"
      },
      "original": {
        "owner": "emacs-mirror",
        "ref": "emacs-27.1",
        "repo": "emacs",
        "type": "github"
      }
    },
    "epkg-xattr": {
      "inputs": {
        "eldev": [
          "eldev"
        ],
        "emacs-overlay": [
          "emacs-overlay"
        ],
        "emacsSrc": "emacsSrc",
        "nixpkgs": [
          "nixpkgs"
        ],
        "std": [
          "std"
        ]
      },
      "locked": {
        "lastModified": 1748260712,
        "narHash": "sha256-nrIFbh5tnaIZvxVWXy7d8p0+UNXyuaRt55lpNwZ+3j8=",
        "owner": "xFA25E",
        "repo": "xattr",
        "rev": "221a88d695af0b819f344e8a5fc82ca4ca0cc4a7",
        "type": "github"
      },
      "original": {
        "owner": "xFA25E",
        "repo": "xattr",
        "type": "github"
      }
    },
    "haumea": {
      "inputs": {
        "nixpkgs": [
          "std",
          "lib"
        ]
      },
      "locked": {
        "lastModified": 1685133229,
        "narHash": "sha256-FePm/Gi9PBSNwiDFq3N+DWdfxFq0UKsVVTJS3cQPn94=",
        "owner": "nix-community",
        "repo": "haumea",
        "rev": "34dd58385092a23018748b50f9b23de6266dffc2",
        "type": "github"
      },
      "original": {
        "owner": "nix-community",
        "ref": "v0.2.2",
        "repo": "haumea",
        "type": "github"
      }
    },
    "incl": {
      "inputs": {
        "nixlib": [
          "std",
          "lib"
        ]
      },
      "locked": {
        "lastModified": 1693483555,
        "narHash": "sha256-Beq4WhSeH3jRTZgC1XopTSU10yLpK1nmMcnGoXO0XYo=",
        "owner": "divnix",
        "repo": "incl",
        "rev": "526751ad3d1e23b07944b14e3f6b7a5948d3007b",
        "type": "github"
      },
      "original": {
        "owner": "divnix",
        "repo": "incl",
        "type": "github"
      }
    },
    "lib": {
      "locked": {
        "lastModified": 1722128034,
        "narHash": "sha256-L8rwzYPsLo/TYtydPJoQyYOfetuiyQYnTWYcyB8UE/s=",
        "owner": "nix-community",
        "repo": "nixpkgs.lib",
        "rev": "d15f6f6021693898fcd2c6a9bb13707383da9bbc",
        "type": "github"
      },
      "original": {
        "owner": "nix-community",
        "repo": "nixpkgs.lib",
        "type": "github"
      }
    },
    "nixpkgs": {
      "locked": {
        "lastModified": 1748186667,
        "narHash": "sha256-UQubDNIQ/Z42R8tPCIpY+BOhlxO8t8ZojwC9o2FW3c8=",
        "owner": "NixOS",
        "repo": "nixpkgs",
        "rev": "bdac72d387dca7f836f6ef1fe547755fb0e9df61",
        "type": "github"
      },
      "original": {
        "owner": "NixOS",
        "ref": "nixpkgs-unstable",
        "repo": "nixpkgs",
        "type": "github"
      }
    },
    "nixpkgs-stable": {
      "locked": {
        "lastModified": 1748037224,
        "narHash": "sha256-92vihpZr6dwEMV6g98M5kHZIttrWahb9iRPBm1atcPk=",
        "owner": "NixOS",
        "repo": "nixpkgs",
        "rev": "f09dede81861f3a83f7f06641ead34f02f37597f",
        "type": "github"
      },
      "original": {
        "owner": "NixOS",
        "ref": "nixos-24.11",
        "repo": "nixpkgs",
        "type": "github"
      }
    },
    "nosys": {
      "locked": {
        "lastModified": 1668010795,
        "narHash": "sha256-JBDVBnos8g0toU7EhIIqQ1If5m/nyBqtHhL3sicdPwI=",
        "owner": "divnix",
        "repo": "nosys",
        "rev": "feade0141487801c71ff55623b421ed535dbdefa",
        "type": "github"
      },
      "original": {
        "owner": "divnix",
        "repo": "nosys",
        "type": "github"
      }
    },
    "paisano": {
      "inputs": {
        "call-flake": "call-flake",
        "nixpkgs": [
          "std",
          "nixpkgs"
        ],
        "nosys": "nosys",
        "yants": [
          "std",
          "yants"
        ]
      },
      "locked": {
        "lastModified": 1708640854,
        "narHash": "sha256-EpcAmvIS4ErqhXtVEfd2GPpU/E/s8CCRSfYzk6FZ/fY=",
        "owner": "paisano-nix",
        "repo": "core",
        "rev": "adcf742bc9463c08764ca9e6955bd5e7dcf3a3fe",
        "type": "github"
      },
      "original": {
        "owner": "paisano-nix",
        "ref": "0.2.0",
        "repo": "core",
        "type": "github"
      }
    },
    "paisano-tui": {
      "flake": false,
      "locked": {
        "lastModified": 1708637035,
        "narHash": "sha256-R19YURSK+MY/Rw6FZnojQS9zuDh+OoTAyngQAjjoubc=",
        "owner": "paisano-nix",
        "repo": "tui",
        "rev": "231761b260587a64817e4ffae3afc15defaa15db",
        "type": "github"
      },
      "original": {
        "owner": "paisano-nix",
        "ref": "v0.5.0",
        "repo": "tui",
        "type": "github"
      }
    },
    "root": {
      "inputs": {
        "eldev": "eldev",
        "emacs-overlay": "emacs-overlay",
        "epkg-xattr": "epkg-xattr",
        "nixpkgs": "nixpkgs",
        "std": "std"
      }
    },
    "std": {
      "inputs": {
        "arion": [
          "std",
          "blank"
        ],
        "blank": "blank",
        "devshell": [
          "std",
          "blank"
        ],
        "dmerge": "dmerge",
        "haumea": "haumea",
        "incl": "incl",
        "lib": "lib",
        "makes": [
          "std",
          "blank"
        ],
        "microvm": [
          "std",
          "blank"
        ],
        "n2c": [
          "std",
          "blank"
        ],
        "nixago": [
          "std",
          "blank"
        ],
        "nixpkgs": [
          "nixpkgs"
        ],
        "paisano": "paisano",
        "paisano-tui": "paisano-tui",
        "terranix": [
          "std",
          "blank"
        ],
        "yants": "yants"
      },
      "locked": {
        "lastModified": 1747378812,
        "narHash": "sha256-bx+Bt2tEpCkrY7ImaklaTQvH6VGrB7FAmnfs7tItYIs=",
        "owner": "divnix",
        "repo": "std",
        "rev": "29f79b7ae7d1716ff13944b698fe76cb0675c5f6",
        "type": "github"
      },
      "original": {
        "owner": "divnix",
        "repo": "std",
        "type": "github"
      }
    },
    "yants": {
      "inputs": {
        "nixpkgs": [
          "std",
          "lib"
        ]
      },
      "locked": {
        "lastModified": 1686863218,
        "narHash": "sha256-kooxYm3/3ornWtVBNHM3Zh020gACUyFX2G0VQXnB+mk=",
        "owner": "divnix",
        "repo": "yants",
        "rev": "8f0da0dba57149676aa4817ec0c880fbde7a648d",
        "type": "github"
      },
      "original": {
        "owner": "divnix",
        "repo": "yants",
        "type": "github"
      }
    }
  },
  "root": "root",
  "version": 7
}
